
Microsoft Visual Studio Solution File, Format Version 12.00
# Visual Studio Version 16
VisualStudioVersion = 16.0.31911.196
MinimumVisualStudioVersion = 10.0.40219.1
Project("{9A19103F-16F7-4668-BE54-9A1E7A4F7556}") = "Rajanell.RedisCache.Model", "Rajanell.RedisCache.Model\Rajanell.RedisCache.Model.csproj", "{66FDEAEE-D985-49AD-A578-C3A8F50F1CF9}"
EndProject
Project("{9A19103F-16F7-4668-BE54-9A1E7A4F7556}") = "Rajanell.RedisCache.Services", "Rajanell.RedisCache.Services\Rajanell.RedisCache.Services.csproj", "{A9764648-F24D-4177-871F-91F75AAF7517}"
EndProject
Project("{9A19103F-16F7-4668-BE54-9A1E7A4F7556}") = "Rajanell.RedisCache.Test", "Rajanell.RedisCache.Test\Rajanell.RedisCache.Test.csproj", "{4BFD1ABE-FFE5-4F8A-9FB3-B558AFEEB95D}"
EndProject
Global
	GlobalSection(SolutionConfigurationPlatforms) = preSolution
		Debug|Any CPU = Debug|Any CPU
		Release|Any CPU = Release|Any CPU
	EndGlobalSection
	GlobalSection(ProjectConfigurationPlatforms) = postSolution
		{66FDEAEE-D985-49AD-A578-C3A8F50F1CF9}.Debug|Any CPU.ActiveCfg = Debug|Any CPU
		{66FDEAEE-D985-49AD-A578-C3A8F50F1CF9}.Debug|Any CPU.Build.0 = Debug|Any CPU
		{66FDEAEE-D985-49AD-A578-C3A8F50F1CF9}.Release|Any CPU.ActiveCfg = Release|Any CPU
		{66FDEAEE-D985-49AD-A578-C3A8F50F1CF9}.Release|Any CPU.Build.0 = Release|Any CPU
		{A9764648-F24D-4177-871F-91F75AAF7517}.Debug|Any CPU.ActiveCfg = Debug|Any CPU
		{A9764648-F24D-4177-871F-91F75AAF7517}.Debug|Any CPU.Build.0 = Debug|Any CPU
		{A9764648-F24D-4177-871F-91F75AAF7517}.Release|Any CPU.ActiveCfg = Release|Any CPU
		{A9764648-F24D-4177-871F-91F75AAF7517}.Release|Any CPU.Build.0 = Release|Any CPU
		{4BFD1ABE-FFE5-4F8A-9FB3-B558AFEEB95D}.Debug|Any CPU.ActiveCfg = Debug|Any CPU
		{4BFD1ABE-FFE5-4F8A-9FB3-B558AFEEB95D}.Debug|Any CPU.Build.0 = Debug|Any CPU
		{4BFD1ABE-FFE5-4F8A-9FB3-B558AFEEB95D}.Release|Any CPU.ActiveCfg = Release|Any CPU
		{4BFD1ABE-FFE5-4F8A-9FB3-B558AFEEB95D}.Release|Any CPU.Build.0 = Release|Any CPU
	EndGlobalSection
	GlobalSection(SolutionProperties) = preSolution
		HideSolutionNode = FALSE
	EndGlobalSection
	GlobalSection(ExtensibilityGlobals) = postSolution
		SolutionGuid = {E855D424-5067-4181-9E29-18DDD3378BC0}
	EndGlobalSection
EndGlobal
