
Microsoft Visual Studio Solution File, Format Version 12.00
# Visual Studio Version 16
VisualStudioVersion = 16.0.31911.196
MinimumVisualStudioVersion = 10.0.40219.1
Project("{9A19103F-16F7-4668-BE54-9A1E7A4F7556}") = "Rajanell.RedisCache.Model", "Rajanell.Model\Rajanell.RedisCache.Model.csproj", "{8F8450A5-1294-4B9A-BF72-288653BF2C7F}"
EndProject
Project("{9A19103F-16F7-4668-BE54-9A1E7A4F7556}") = "Rajanell.RedisCache.Services", "Rajanell.Services\Rajanell.RedisCache.Services.csproj", "{C1905E2F-D291-48E6-A648-96410C434120}"
EndProject
Project("{9A19103F-16F7-4668-BE54-9A1E7A4F7556}") = "Rajanell.RedisCache.Test", "Rajanell.Test\Rajanell.RedisCache.Test.csproj", "{246AFB1D-057D-42FC-A92D-8A44F3381094}"
EndProject
Global
	GlobalSection(SolutionConfigurationPlatforms) = preSolution
		Debug|Any CPU = Debug|Any CPU
		Release|Any CPU = Release|Any CPU
	EndGlobalSection
	GlobalSection(ProjectConfigurationPlatforms) = postSolution
		{8F8450A5-1294-4B9A-BF72-288653BF2C7F}.Debug|Any CPU.ActiveCfg = Debug|Any CPU
		{8F8450A5-1294-4B9A-BF72-288653BF2C7F}.Debug|Any CPU.Build.0 = Debug|Any CPU
		{8F8450A5-1294-4B9A-BF72-288653BF2C7F}.Release|Any CPU.ActiveCfg = Release|Any CPU
		{8F8450A5-1294-4B9A-BF72-288653BF2C7F}.Release|Any CPU.Build.0 = Release|Any CPU
		{C1905E2F-D291-48E6-A648-96410C434120}.Debug|Any CPU.ActiveCfg = Debug|Any CPU
		{C1905E2F-D291-48E6-A648-96410C434120}.Debug|Any CPU.Build.0 = Debug|Any CPU
		{C1905E2F-D291-48E6-A648-96410C434120}.Release|Any CPU.ActiveCfg = Release|Any CPU
		{C1905E2F-D291-48E6-A648-96410C434120}.Release|Any CPU.Build.0 = Release|Any CPU
		{246AFB1D-057D-42FC-A92D-8A44F3381094}.Debug|Any CPU.ActiveCfg = Debug|Any CPU
		{246AFB1D-057D-42FC-A92D-8A44F3381094}.Debug|Any CPU.Build.0 = Debug|Any CPU
		{246AFB1D-057D-42FC-A92D-8A44F3381094}.Release|Any CPU.ActiveCfg = Release|Any CPU
		{246AFB1D-057D-42FC-A92D-8A44F3381094}.Release|Any CPU.Build.0 = Release|Any CPU
	EndGlobalSection
	GlobalSection(SolutionProperties) = preSolution
		HideSolutionNode = FALSE
	EndGlobalSection
	GlobalSection(ExtensibilityGlobals) = postSolution
		SolutionGuid = {E855D424-5067-4181-9E29-18DDD3378BC0}
	EndGlobalSection
EndGlobal
